
Microsoft Visual Studio Solution File, Format Version 12.00
# Visual Studio Version 17
VisualStudioVersion = 17.3.32611.2
MinimumVisualStudioVersion = 10.0.40219.1
Project("{9A19103F-16F7-4668-BE54-9A1E7A4F7556}") = "Emik.Interhai", "Emik.Interhai.csproj", "{E10C131E-B393-4DA9-8624-6B7CD204033B}"
EndProject
Project("{9A19103F-16F7-4668-BE54-9A1E7A4F7556}") = "Emik.Interhai.Tests", "..\Emik.Rhainterop.Tests\Emik.Interhai.Tests.csproj", "{B8A5FF71-31CA-4393-AE0B-BF5722F037E4}"
EndProject
Project("{FAE04EC0-301F-11D3-BF4B-00C04F79EFBC}") = "Emik.Results", "..\..\RiderProjects\Emik.Results\Emik.Results.csproj", "{1BA95D41-B891-44B8-951B-06064FD7EAFC}"
EndProject
Global
	GlobalSection(SolutionConfigurationPlatforms) = preSolution
		Debug|Any CPU = Debug|Any CPU
		Release|Any CPU = Release|Any CPU
	EndGlobalSection
	GlobalSection(ProjectConfigurationPlatforms) = postSolution
		{E10C131E-B393-4DA9-8624-6B7CD204033B}.Debug|Any CPU.ActiveCfg = Debug|Any CPU
		{E10C131E-B393-4DA9-8624-6B7CD204033B}.Debug|Any CPU.Build.0 = Debug|Any CPU
		{E10C131E-B393-4DA9-8624-6B7CD204033B}.Release|Any CPU.ActiveCfg = Release|Any CPU
		{E10C131E-B393-4DA9-8624-6B7CD204033B}.Release|Any CPU.Build.0 = Release|Any CPU
		{B8A5FF71-31CA-4393-AE0B-BF5722F037E4}.Debug|Any CPU.ActiveCfg = Debug|Any CPU
		{B8A5FF71-31CA-4393-AE0B-BF5722F037E4}.Debug|Any CPU.Build.0 = Debug|Any CPU
		{B8A5FF71-31CA-4393-AE0B-BF5722F037E4}.Release|Any CPU.ActiveCfg = Release|Any CPU
		{B8A5FF71-31CA-4393-AE0B-BF5722F037E4}.Release|Any CPU.Build.0 = Release|Any CPU
		{1BA95D41-B891-44B8-951B-06064FD7EAFC}.Debug|Any CPU.ActiveCfg = Debug|Any CPU
		{1BA95D41-B891-44B8-951B-06064FD7EAFC}.Debug|Any CPU.Build.0 = Debug|Any CPU
		{1BA95D41-B891-44B8-951B-06064FD7EAFC}.Release|Any CPU.ActiveCfg = Release|Any CPU
		{1BA95D41-B891-44B8-951B-06064FD7EAFC}.Release|Any CPU.Build.0 = Release|Any CPU
	EndGlobalSection
	GlobalSection(SolutionProperties) = preSolution
		HideSolutionNode = FALSE
	EndGlobalSection
	GlobalSection(ExtensibilityGlobals) = postSolution
		SolutionGuid = {291EB360-3DD4-4559-A8D2-6C3506E46E94}
	EndGlobalSection
EndGlobal
